PODS:
  - Kushki (2.1.3)
  - OHHTTPStubs (5.2.1):
    - OHHTTPStubs/Default (= 5.2.1)
  - OHHTTPStubs/Core (5.2.1)
  - OHHTTPStubs/Default (5.2.1):
    - OHHTTPStubs/Core
    - OHHTTPStubs/JSON
    - OHHTTPStubs/NSURLSession
    - OHHTTPStubs/OHPathHelpers
  - OHHTTPStubs/JSON (5.2.1):
    - OHHTTPStubs/Core
  - OHHTTPStubs/NSURLSession (5.2.1):
    - OHHTTPStubs/Core
  - OHHTTPStubs/OHPathHelpers (5.2.1)
  - OHHTTPStubs/Swift (5.2.1):
    - OHHTTPStubs/Core

DEPENDENCIES:
  - Kushki (~> 2.0)
  - OHHTTPStubs
  - OHHTTPStubs/Swift

SPEC REPOS:
  https://github.com/cocoapods/specs.git:
    - Kushki
    - OHHTTPStubs

SPEC CHECKSUMS:
  Kushki: 0c30554d37464a14302e70aa88eb0ebea944895a
  OHHTTPStubs: 3a42f25c00563b71355ac73112ba2324e9e6cef4

PODFILE CHECKSUM: 04fd4a6fb0c5ca73720062d275333658efc1e166

COCOAPODS: 1.6.1
