PODS:
  - Kushki (2.4.0):
    - Sift
  - OHHTTPStubs (9.1.0):
    - OHHTTPStubs/Default (= 9.1.0)
  - OHHTTPStubs/Core (9.1.0)
  - OHHTTPStubs/Default (9.1.0):
    - OHHTTPStubs/Core
    - OHHTTPStubs/JSON
    - OHHTTPStubs/NSURLSession
    - OHHTTPStubs/OHPathHelpers
  - OHHTTPStubs/JSON (9.1.0):
    - OHHTTPStubs/Core
  - OHHTTPStubs/NSURLSession (9.1.0):
    - OHHTTPStubs/Core
  - OHHTTPStubs/OHPathHelpers (9.1.0)
  - OHHTTPStubs/Swift (9.1.0):
    - OHHTTPStubs/Default
  - Sift (2.0.2)

DEPENDENCIES:
  - Kushki (from `../`)
  - OHHTTPStubs
  - OHHTTPStubs/Swift

SPEC REPOS:
  trunk:
    - OHHTTPStubs
    - Sift

EXTERNAL SOURCES:
  Kushki:
    :path: "../"

SPEC CHECKSUMS:
  Kushki: 29e588b4b9ce6b20656dd826e42f79b86cc3add1
  OHHTTPStubs: 90eac6d8f2c18317baeca36698523dc67c513831
  Sift: 74955fd67ce61dc920b441d2d094aff75bfede29

PODFILE CHECKSUM: da70d7e8e6e3991ee47230c1b9bf846feb255a45

COCOAPODS: 1.11.2
