// !$*UTF8*$!
{
	archiveVersion = 1;
	classes = {
	};
	objectVersion = 46;
	objects = {

/* Begin PBXBuildFile section */
		3B4F0B5AB798F7DF31221F1E /* Pods_kushki_ios_Tests.framework in Frameworks */ = {isa = PBXBuildFile; fileRef = 8A8AE25C19677E8DEA6C8C7F /* Pods_kushki_ios_Tests.framework */; };
		51C40AA42435284E00D8239F /* SubscriptionCardAsyncController.swift in Sources */ = {isa = PBXBuildFile; fileRef = 51C40AA32435284E00D8239F /* SubscriptionCardAsyncController.swift */; };
		607FACD61AFB9204008FA782 /* AppDelegate.swift in Sources */ = {isa = PBXBuildFile; fileRef = 607FACD51AFB9204008FA782 /* AppDelegate.swift */; };
		607FACDB1AFB9204008FA782 /* Main.storyboard in Resources */ = {isa = PBXBuildFile; fileRef = 607FACD91AFB9204008FA782 /* Main.storyboard */; };
		607FACDD1AFB9204008FA782 /* Images.xcassets in Resources */ = {isa = PBXBuildFile; fileRef = 607FACDC1AFB9204008FA782 /* Images.xcassets */; };
		AF30347D1DAC231B005C9F39 /* KushkiIntegrationTests.swift in Sources */ = {isa = PBXBuildFile; fileRef = AF052B751DAC00D400C1AB98 /* KushkiIntegrationTests.swift */; };
		AF30347E1DAC231B005C9F39 /* KushkiTests.swift in Sources */ = {isa = PBXBuildFile; fileRef = AF052B761DAC00D400C1AB98 /* KushkiTests.swift */; };
		AF30347F1DAC231B005C9F39 /* Helpers.swift in Sources */ = {isa = PBXBuildFile; fileRef = AF052B731DAC00C800C1AB98 /* Helpers.swift */; };
		AF3034851DAC2D62005C9F39 /* LaunchScreen.storyboard in Resources */ = {isa = PBXBuildFile; fileRef = AF3034831DAC2D62005C9F39 /* LaunchScreen.storyboard */; };
		AFF155E41DAC3B1100BC21EA /* Kushki in Resources */ = {isa = PBXBuildFile; fileRef = AFF155E31DAC3B1100BC21EA /* Kushki */; };
		AFF155E61DAC3B5000BC21EA /* ViewController.swift in Sources */ = {isa = PBXBuildFile; fileRef = AFF155E51DAC3B5000BC21EA /* ViewController.swift */; };
		E2EAB27926C2C3FC00FCEDF1 /* CardTokenView.swift in Sources */ = {isa = PBXBuildFile; fileRef = E2EAB27826C2C3FC00FCEDF1 /* CardTokenView.swift */; };
		E2EAB27A26C2C3FC00FCEDF1 /* CardTokenView.swift in Sources */ = {isa = PBXBuildFile; fileRef = E2EAB27826C2C3FC00FCEDF1 /* CardTokenView.swift */; };
		E4035B342328698900A2A5EC /* TokenRequestViewController.swift in Sources */ = {isa = PBXBuildFile; fileRef = E4035B332328698900A2A5EC /* TokenRequestViewController.swift */; };
		E407F713233A80AB00340214 /* CashTokenViewController.swift in Sources */ = {isa = PBXBuildFile; fileRef = E407F712233A80AB00340214 /* CashTokenViewController.swift */; };
		E40BC5E12328ADA50056B58C /* SubscriptionTokenViewController.swift in Sources */ = {isa = PBXBuildFile; fileRef = E40BC5E02328ADA50056B58C /* SubscriptionTokenViewController.swift */; };
		E40BC5E3232952E20056B58C /* TransferTokenViewController.swift in Sources */ = {isa = PBXBuildFile; fileRef = E40BC5E2232952E20056B58C /* TransferTokenViewController.swift */; };
		E40BC5E5232973AE0056B58C /* TransferSubscriptionViewController.swift in Sources */ = {isa = PBXBuildFile; fileRef = E40BC5E4232973AE0056B58C /* TransferSubscriptionViewController.swift */; };
		E43FA22F2329F6E000BBF920 /* QuestionsSecureValidationViewController.swift in Sources */ = {isa = PBXBuildFile; fileRef = E43FA22E2329F6E000BBF920 /* QuestionsSecureValidationViewController.swift */; };
		E43FA231232A8B1400BBF920 /* AnswersSecureValidationViewController.swift in Sources */ = {isa = PBXBuildFile; fileRef = E43FA230232A8B1400BBF920 /* AnswersSecureValidationViewController.swift */; };
		E4AF00DB234CEBD5002C3B75 /* CardAsyncTokenRequestViewController.swift in Sources */ = {isa = PBXBuildFile; fileRef = E4AF00DA234CEBD5002C3B75 /* CardAsyncTokenRequestViewController.swift */; };
		E4AF00DD234D2BDD002C3B75 /* GetCardInfoViewController.swift in Sources */ = {isa = PBXBuildFile; fileRef = E4AF00DC234D2BDD002C3B75 /* GetCardInfoViewController.swift */; };
		EFCDE42227C074FB0054C25C /* Pods_kushki_ios_Example.framework in Frameworks */ = {isa = PBXBuildFile; fileRef = B24457BB0F3C421531BBFD93 /* Pods_kushki_ios_Example.framework */; };
		EFCDE42327C074FB0054C25C /* Pods_kushki_ios_Example.framework in Embed Frameworks */ = {isa = PBXBuildFile; fileRef = B24457BB0F3C421531BBFD93 /* Pods_kushki_ios_Example.framework */; settings = {ATTRIBUTES = (RemoveHeadersOnCopy, ); }; };
/* End PBXBuildFile section */

/* Begin PBXContainerItemProxy section */
		607FACE61AFB9204008FA782 /* PBXContainerItemProxy */ = {
			isa = PBXContainerItemProxy;
			containerPortal = 607FACC81AFB9204008FA782 /* Project object */;
			proxyType = 1;
			remoteGlobalIDString = 607FACCF1AFB9204008FA782;
			remoteInfo = "kushki-ios";
		};
/* End PBXContainerItemProxy section */

/* Begin PBXCopyFilesBuildPhase section */
		EFCDE42427C074FB0054C25C /* Embed Frameworks */ = {
			isa = PBXCopyFilesBuildPhase;
			buildActionMask = 2147483647;
			dstPath = "";
			dstSubfolderSpec = 10;
			files = (
				EFCDE42327C074FB0054C25C /* Pods_kushki_ios_Example.framework in Embed Frameworks */,
			);
			name = "Embed Frameworks";
			runOnlyForDeploymentPostprocessing = 0;
		};
/* End PBXCopyFilesBuildPhase section */

/* Begin PBXFileReference section */
		21EDE058D85655FB8F5D8F7F /* README.md */ = {isa = PBXFileReference; includeInIndex = 1; lastKnownFileType = net.daringfireball.markdown; name = README.md; path = ../README.md; sourceTree = "<group>"; };
		2633DEB327DBCE77C71823A3 /* Pods-kushki-ios_Example.debug.xcconfig */ = {isa = PBXFileReference; includeInIndex = 1; lastKnownFileType = text.xcconfig; name = "Pods-kushki-ios_Example.debug.xcconfig"; path = "Target Support Files/Pods-kushki-ios_Example/Pods-kushki-ios_Example.debug.xcconfig"; sourceTree = "<group>"; };
		51C40AA32435284E00D8239F /* SubscriptionCardAsyncController.swift */ = {isa = PBXFileReference; lastKnownFileType = sourcecode.swift; path = SubscriptionCardAsyncController.swift; sourceTree = "<group>"; };
		607FACD01AFB9204008FA782 /* kushki-ios_Example.app */ = {isa = PBXFileReference; explicitFileType = wrapper.application; includeInIndex = 0; path = "kushki-ios_Example.app"; sourceTree = BUILT_PRODUCTS_DIR; };
		607FACD41AFB9204008FA782 /* Info.plist */ = {isa = PBXFileReference; lastKnownFileType = text.plist.xml; path = Info.plist; sourceTree = "<group>"; };
		607FACD51AFB9204008FA782 /* AppDelegate.swift */ = {isa = PBXFileReference; lastKnownFileType = sourcecode.swift; path = AppDelegate.swift; sourceTree = "<group>"; };
		607FACDA1AFB9204008FA782 /* Base */ = {isa = PBXFileReference; lastKnownFileType = file.storyboard; name = Base; path = Base.lproj/Main.storyboard; sourceTree = "<group>"; };
		607FACDC1AFB9204008FA782 /* Images.xcassets */ = {isa = PBXFileReference; lastKnownFileType = folder.assetcatalog; path = Images.xcassets; sourceTree = "<group>"; };
		607FACDF1AFB9204008FA782 /* Base */ = {isa = PBXFileReference; lastKnownFileType = file.xib; name = Base; path = Base.lproj/LaunchScreen.xib; sourceTree = "<group>"; };
		607FACE51AFB9204008FA782 /* kushki-ios_Tests.xctest */ = {isa = PBXFileReference; explicitFileType = wrapper.cfbundle; includeInIndex = 0; path = "kushki-ios_Tests.xctest"; sourceTree = BUILT_PRODUCTS_DIR; };
		607FACEA1AFB9204008FA782 /* Info.plist */ = {isa = PBXFileReference; lastKnownFileType = text.plist.xml; path = Info.plist; sourceTree = "<group>"; };
		6682DB8730FDC44D317526EC /* Pods-kushki-ios_Tests.debug.xcconfig */ = {isa = PBXFileReference; includeInIndex = 1; lastKnownFileType = text.xcconfig; name = "Pods-kushki-ios_Tests.debug.xcconfig"; path = "Target Support Files/Pods-kushki-ios_Tests/Pods-kushki-ios_Tests.debug.xcconfig"; sourceTree = "<group>"; };
		8A8AE25C19677E8DEA6C8C7F /* Pods_kushki_ios_Tests.framework */ = {isa = PBXFileReference; explicitFileType = wrapper.framework; includeInIndex = 0; path = Pods_kushki_ios_Tests.framework; sourceTree = BUILT_PRODUCTS_DIR; };
		9BFA99897193F3500082CDA0 /* Pods-kushki-ios_Example.release.xcconfig */ = {isa = PBXFileReference; includeInIndex = 1; lastKnownFileType = text.xcconfig; name = "Pods-kushki-ios_Example.release.xcconfig"; path = "Target Support Files/Pods-kushki-ios_Example/Pods-kushki-ios_Example.release.xcconfig"; sourceTree = "<group>"; };
		9E3F34E12B0EAC252DC33658 /* LICENSE */ = {isa = PBXFileReference; includeInIndex = 1; lastKnownFileType = text; name = LICENSE; path = ../LICENSE; sourceTree = "<group>"; };
		AF052B731DAC00C800C1AB98 /* Helpers.swift */ = {isa = PBXFileReference; fileEncoding = 4; lastKnownFileType = sourcecode.swift; path = Helpers.swift; sourceTree = "<group>"; };
		AF052B751DAC00D400C1AB98 /* KushkiIntegrationTests.swift */ = {isa = PBXFileReference; fileEncoding = 4; lastKnownFileType = sourcecode.swift; path = KushkiIntegrationTests.swift; sourceTree = "<group>"; };
		AF052B761DAC00D400C1AB98 /* KushkiTests.swift */ = {isa = PBXFileReference; fileEncoding = 4; lastKnownFileType = sourcecode.swift; path = KushkiTests.swift; sourceTree = "<group>"; };
		AF3034841DAC2D62005C9F39 /* Base */ = {isa = PBXFileReference; lastKnownFileType = file.storyboard; name = Base; path = "kushki-ios/Base.lproj/LaunchScreen.storyboard"; sourceTree = "<group>"; };
		AF3034861DAC3030005C9F39 /* kushki-ios_Example.entitlements */ = {isa = PBXFileReference; lastKnownFileType = text.plist.entitlements; path = "kushki-ios_Example.entitlements"; sourceTree = "<group>"; };
		AFF155E31DAC3B1100BC21EA /* Kushki */ = {isa = PBXFileReference; lastKnownFileType = folder; name = Kushki; path = ../Kushki; sourceTree = "<group>"; };
		AFF155E51DAC3B5000BC21EA /* ViewController.swift */ = {isa = PBXFileReference; fileEncoding = 4; lastKnownFileType = sourcecode.swift; path = ViewController.swift; sourceTree = "<group>"; };
		B24457BB0F3C421531BBFD93 /* Pods_kushki_ios_Example.framework */ = {isa = PBXFileReference; explicitFileType = wrapper.framework; includeInIndex = 0; path = Pods_kushki_ios_Example.framework; sourceTree = BUILT_PRODUCTS_DIR; };
		BB96243B3B32048EBA3B208C /* Kushki.podspec */ = {isa = PBXFileReference; includeInIndex = 1; lastKnownFileType = text; name = Kushki.podspec; path = ../Kushki.podspec; sourceTree = "<group>"; xcLanguageSpecificationIdentifier = xcode.lang.ruby; };
		CF60D57898B6A7C968498700 /* Pods-kushki-ios_Tests.release.xcconfig */ = {isa = PBXFileReference; includeInIndex = 1; lastKnownFileType = text.xcconfig; name = "Pods-kushki-ios_Tests.release.xcconfig"; path = "Target Support Files/Pods-kushki-ios_Tests/Pods-kushki-ios_Tests.release.xcconfig"; sourceTree = "<group>"; };
		E2EAB27826C2C3FC00FCEDF1 /* CardTokenView.swift */ = {isa = PBXFileReference; lastKnownFileType = sourcecode.swift; path = CardTokenView.swift; sourceTree = "<group>"; };
		E4035B332328698900A2A5EC /* TokenRequestViewController.swift */ = {isa = PBXFileReference; lastKnownFileType = sourcecode.swift; path = TokenRequestViewController.swift; sourceTree = "<group>"; };
		E407F712233A80AB00340214 /* CashTokenViewController.swift */ = {isa = PBXFileReference; lastKnownFileType = sourcecode.swift; path = CashTokenViewController.swift; sourceTree = "<group>"; };
		E40BC5E02328ADA50056B58C /* SubscriptionTokenViewController.swift */ = {isa = PBXFileReference; lastKnownFileType = sourcecode.swift; path = SubscriptionTokenViewController.swift; sourceTree = "<group>"; };
		E40BC5E2232952E20056B58C /* TransferTokenViewController.swift */ = {isa = PBXFileReference; lastKnownFileType = sourcecode.swift; path = TransferTokenViewController.swift; sourceTree = "<group>"; };
		E40BC5E4232973AE0056B58C /* TransferSubscriptionViewController.swift */ = {isa = PBXFileReference; lastKnownFileType = sourcecode.swift; path = TransferSubscriptionViewController.swift; sourceTree = "<group>"; };
		E43FA22E2329F6E000BBF920 /* QuestionsSecureValidationViewController.swift */ = {isa = PBXFileReference; lastKnownFileType = sourcecode.swift; path = QuestionsSecureValidationViewController.swift; sourceTree = "<group>"; };
		E43FA230232A8B1400BBF920 /* AnswersSecureValidationViewController.swift */ = {isa = PBXFileReference; lastKnownFileType = sourcecode.swift; path = AnswersSecureValidationViewController.swift; sourceTree = "<group>"; };
		E4AF00DA234CEBD5002C3B75 /* CardAsyncTokenRequestViewController.swift */ = {isa = PBXFileReference; lastKnownFileType = sourcecode.swift; path = CardAsyncTokenRequestViewController.swift; sourceTree = "<group>"; };
		E4AF00DC234D2BDD002C3B75 /* GetCardInfoViewController.swift */ = {isa = PBXFileReference; lastKnownFileType = sourcecode.swift; path = GetCardInfoViewController.swift; sourceTree = "<group>"; };
/* End PBXFileReference section */

/* Begin PBXFrameworksBuildPhase section */
		607FACCD1AFB9204008FA782 /* Frameworks */ = {
			isa = PBXFrameworksBuildPhase;
			buildActionMask = 2147483647;
			files = (
				EFCDE42227C074FB0054C25C /* Pods_kushki_ios_Example.framework in Frameworks */,
			);
			runOnlyForDeploymentPostprocessing = 0;
		};
		607FACE21AFB9204008FA782 /* Frameworks */ = {
			isa = PBXFrameworksBuildPhase;
			buildActionMask = 2147483647;
			files = (
				3B4F0B5AB798F7DF31221F1E /* Pods_kushki_ios_Tests.framework in Frameworks */,
			);
			runOnlyForDeploymentPostprocessing = 0;
		};
/* End PBXFrameworksBuildPhase section */

/* Begin PBXGroup section */
		5E2BB8D5693369BA29B82CB1 /* Pods */ = {
			isa = PBXGroup;
			children = (
				2633DEB327DBCE77C71823A3 /* Pods-kushki-ios_Example.debug.xcconfig */,
				9BFA99897193F3500082CDA0 /* Pods-kushki-ios_Example.release.xcconfig */,
				6682DB8730FDC44D317526EC /* Pods-kushki-ios_Tests.debug.xcconfig */,
				CF60D57898B6A7C968498700 /* Pods-kushki-ios_Tests.release.xcconfig */,
			);
			path = Pods;
			sourceTree = "<group>";
		};
		607FACC71AFB9204008FA782 = {
			isa = PBXGroup;
			children = (
				AFF155E31DAC3B1100BC21EA /* Kushki */,
				AF3034861DAC3030005C9F39 /* kushki-ios_Example.entitlements */,
				607FACF51AFB993E008FA782 /* Podspec Metadata */,
				607FACD21AFB9204008FA782 /* Example for kushki-ios */,
				607FACE81AFB9204008FA782 /* Tests */,
				607FACD11AFB9204008FA782 /* Products */,
				5E2BB8D5693369BA29B82CB1 /* Pods */,
				8A266CC47637ABB74512AED3 /* Frameworks */,
			);
			sourceTree = "<group>";
		};
		607FACD11AFB9204008FA782 /* Products */ = {
			isa = PBXGroup;
			children = (
				607FACD01AFB9204008FA782 /* kushki-ios_Example.app */,
				607FACE51AFB9204008FA782 /* kushki-ios_Tests.xctest */,
			);
			name = Products;
			sourceTree = "<group>";
		};
		607FACD21AFB9204008FA782 /* Example for kushki-ios */ = {
			isa = PBXGroup;
			children = (
				E2EAB27726C2C34600FCEDF1 /* SwiftUI */,
				E4035B322328695200A2A5EC /* Controllers */,
				AFF155E51DAC3B5000BC21EA /* ViewController.swift */,
				AF3034831DAC2D62005C9F39 /* LaunchScreen.storyboard */,
				607FACD91AFB9204008FA782 /* Main.storyboard */,
				607FACD51AFB9204008FA782 /* AppDelegate.swift */,
				607FACDC1AFB9204008FA782 /* Images.xcassets */,
				607FACDE1AFB9204008FA782 /* LaunchScreen.xib */,
				607FACD31AFB9204008FA782 /* Supporting Files */,
			);
			name = "Example for kushki-ios";
			path = "kushki-ios";
			sourceTree = "<group>";
		};
		607FACD31AFB9204008FA782 /* Supporting Files */ = {
			isa = PBXGroup;
			children = (
				607FACD41AFB9204008FA782 /* Info.plist */,
			);
			name = "Supporting Files";
			sourceTree = "<group>";
		};
		607FACE81AFB9204008FA782 /* Tests */ = {
			isa = PBXGroup;
			children = (
				AF052B751DAC00D400C1AB98 /* KushkiIntegrationTests.swift */,
				AF052B761DAC00D400C1AB98 /* KushkiTests.swift */,
				AF052B731DAC00C800C1AB98 /* Helpers.swift */,
				607FACE91AFB9204008FA782 /* Supporting Files */,
			);
			path = Tests;
			sourceTree = "<group>";
		};
		607FACE91AFB9204008FA782 /* Supporting Files */ = {
			isa = PBXGroup;
			children = (
				607FACEA1AFB9204008FA782 /* Info.plist */,
			);
			name = "Supporting Files";
			sourceTree = "<group>";
		};
		607FACF51AFB993E008FA782 /* Podspec Metadata */ = {
			isa = PBXGroup;
			children = (
				BB96243B3B32048EBA3B208C /* Kushki.podspec */,
				21EDE058D85655FB8F5D8F7F /* README.md */,
				9E3F34E12B0EAC252DC33658 /* LICENSE */,
			);
			name = "Podspec Metadata";
			sourceTree = "<group>";
		};
		8A266CC47637ABB74512AED3 /* Frameworks */ = {
			isa = PBXGroup;
			children = (
				B24457BB0F3C421531BBFD93 /* Pods_kushki_ios_Example.framework */,
				8A8AE25C19677E8DEA6C8C7F /* Pods_kushki_ios_Tests.framework */,
			);
			name = Frameworks;
			sourceTree = "<group>";
		};
		E2EAB27726C2C34600FCEDF1 /* SwiftUI */ = {
			isa = PBXGroup;
			children = (
				E2EAB27826C2C3FC00FCEDF1 /* CardTokenView.swift */,
			);
			name = SwiftUI;
			sourceTree = "<group>";
		};
		E4035B322328695200A2A5EC /* Controllers */ = {
			isa = PBXGroup;
			children = (
				E4035B332328698900A2A5EC /* TokenRequestViewController.swift */,
				E40BC5E02328ADA50056B58C /* SubscriptionTokenViewController.swift */,
				E40BC5E2232952E20056B58C /* TransferTokenViewController.swift */,
				E40BC5E4232973AE0056B58C /* TransferSubscriptionViewController.swift */,
				E43FA22E2329F6E000BBF920 /* QuestionsSecureValidationViewController.swift */,
				E43FA230232A8B1400BBF920 /* AnswersSecureValidationViewController.swift */,
				E407F712233A80AB00340214 /* CashTokenViewController.swift */,
				E4AF00DA234CEBD5002C3B75 /* CardAsyncTokenRequestViewController.swift */,
				E4AF00DC234D2BDD002C3B75 /* GetCardInfoViewController.swift */,
				51C40AA32435284E00D8239F /* SubscriptionCardAsyncController.swift */,
			);
			name = Controllers;
			sourceTree = "<group>";
		};
/* End PBXGroup section */

/* Begin PBXNativeTarget section */
		607FACCF1AFB9204008FA782 /* kushki-ios_Example */ = {
			isa = PBXNativeTarget;
			buildConfigurationList = 607FACEF1AFB9204008FA782 /* Build configuration list for PBXNativeTarget "kushki-ios_Example" */;
			buildPhases = (
				C55FCF72FAC64EF1CBD47AEE /* [CP] Check Pods Manifest.lock */,
				607FACCC1AFB9204008FA782 /* Sources */,
				607FACCD1AFB9204008FA782 /* Frameworks */,
				607FACCE1AFB9204008FA782 /* Resources */,
				8EBEF13F2FB1428517D6E801 /* [CP] Embed Pods Frameworks */,
				EFCDE42427C074FB0054C25C /* Embed Frameworks */,
			);
			buildRules = (
			);
			dependencies = (
			);
			name = "kushki-ios_Example";
			productName = "kushki-ios";
			productReference = 607FACD01AFB9204008FA782 /* kushki-ios_Example.app */;
			productType = "com.apple.product-type.application";
		};
		607FACE41AFB9204008FA782 /* kushki-ios_Tests */ = {
			isa = PBXNativeTarget;
			buildConfigurationList = 607FACF21AFB9204008FA782 /* Build configuration list for PBXNativeTarget "kushki-ios_Tests" */;
			buildPhases = (
				3C83D57491B83F4BC8B6365E /* [CP] Check Pods Manifest.lock */,
				607FACE11AFB9204008FA782 /* Sources */,
				607FACE21AFB9204008FA782 /* Frameworks */,
				607FACE31AFB9204008FA782 /* Resources */,
				23109A9A62935303371592FD /* [CP] Embed Pods Frameworks */,
			);
			buildRules = (
			);
			dependencies = (
				607FACE71AFB9204008FA782 /* PBXTargetDependency */,
			);
			name = "kushki-ios_Tests";
			productName = Tests;
			productReference = 607FACE51AFB9204008FA782 /* kushki-ios_Tests.xctest */;
			productType = "com.apple.product-type.bundle.unit-test";
		};
/* End PBXNativeTarget section */

/* Begin PBXProject section */
		607FACC81AFB9204008FA782 /* Project object */ = {
			isa = PBXProject;
			attributes = {
				LastSwiftUpdateCheck = 0800;
				LastUpgradeCheck = 1030;
				ORGANIZATIONNAME = Kushki;
				TargetAttributes = {
					607FACCF1AFB9204008FA782 = {
						CreatedOnToolsVersion = 6.3.1;
						DevelopmentTeam = BDY7NP86NV;
						LastSwiftMigration = 1010;
						ProvisioningStyle = Automatic;
						SystemCapabilities = {
							com.apple.Keychain = {
								enabled = 1;
							};
						};
					};
					607FACE41AFB9204008FA782 = {
						CreatedOnToolsVersion = 6.3.1;
						DevelopmentTeam = BDY7NP86NV;
						LastSwiftMigration = 1010;
						TestTargetID = 607FACCF1AFB9204008FA782;
					};
				};
			};
			buildConfigurationList = 607FACCB1AFB9204008FA782 /* Build configuration list for PBXProject "kushki-ios" */;
			compatibilityVersion = "Xcode 3.2";
			developmentRegion = English;
			hasScannedForEncodings = 0;
			knownRegions = (
				English,
				en,
				Base,
			);
			mainGroup = 607FACC71AFB9204008FA782;
			productRefGroup = 607FACD11AFB9204008FA782 /* Products */;
			projectDirPath = "";
			projectRoot = "";
			targets = (
				607FACCF1AFB9204008FA782 /* kushki-ios_Example */,
				607FACE41AFB9204008FA782 /* kushki-ios_Tests */,
			);
		};
/* End PBXProject section */

/* Begin PBXResourcesBuildPhase section */
		607FACCE1AFB9204008FA782 /* Resources */ = {
			isa = PBXResourcesBuildPhase;
			buildActionMask = 2147483647;
			files = (
				AF3034851DAC2D62005C9F39 /* LaunchScreen.storyboard in Resources */,
				AFF155E41DAC3B1100BC21EA /* Kushki in Resources */,
				607FACDB1AFB9204008FA782 /* Main.storyboard in Resources */,
				607FACDD1AFB9204008FA782 /* Images.xcassets in Resources */,
			);
			runOnlyForDeploymentPostprocessing = 0;
		};
		607FACE31AFB9204008FA782 /* Resources */ = {
			isa = PBXResourcesBuildPhase;
			buildActionMask = 2147483647;
			files = (
			);
			runOnlyForDeploymentPostprocessing = 0;
		};
/* End PBXResourcesBuildPhase section */

/* Begin PBXShellScriptBuildPhase section */
		23109A9A62935303371592FD /* [CP] Embed Pods Frameworks */ = {
			isa = PBXShellScriptBuildPhase;
			buildActionMask = 2147483647;
			files = (
			);
			inputPaths = (
				"${PODS_ROOT}/Target Support Files/Pods-kushki-ios_Tests/Pods-kushki-ios_Tests-frameworks.sh",
				"${BUILT_PRODUCTS_DIR}/OHHTTPStubs/OHHTTPStubs.framework",
			);
			name = "[CP] Embed Pods Frameworks";
			outputPaths = (
				"${TARGET_BUILD_DIR}/${FRAMEWORKS_FOLDER_PATH}/OHHTTPStubs.framework",
			);
			runOnlyForDeploymentPostprocessing = 0;
			shellPath = /bin/sh;
			shellScript = "\"${PODS_ROOT}/Target Support Files/Pods-kushki-ios_Tests/Pods-kushki-ios_Tests-frameworks.sh\"\n";
			showEnvVarsInLog = 0;
		};
		3C83D57491B83F4BC8B6365E /* [CP] Check Pods Manifest.lock */ = {
			isa = PBXShellScriptBuildPhase;
			buildActionMask = 2147483647;
			files = (
			);
			inputFileListPaths = (
			);
			inputPaths = (
				"${PODS_PODFILE_DIR_PATH}/Podfile.lock",
				"${PODS_ROOT}/Manifest.lock",
			);
			name = "[CP] Check Pods Manifest.lock";
			outputFileListPaths = (
			);
			outputPaths = (
				"$(DERIVED_FILE_DIR)/Pods-kushki-ios_Tests-checkManifestLockResult.txt",
			);
			runOnlyForDeploymentPostprocessing = 0;
			shellPath = /bin/sh;
			shellScript = "diff \"${PODS_PODFILE_DIR_PATH}/Podfile.lock\" \"${PODS_ROOT}/Manifest.lock\" > /dev/null\nif [ $? != 0 ] ; then\n    # print error to STDERR\n    echo \"error: The sandbox is not in sync with the Podfile.lock. Run 'pod install' or update your CocoaPods installation.\" >&2\n    exit 1\nfi\n# This output is used by Xcode 'outputs' to avoid re-running this script phase.\necho \"SUCCESS\" > \"${SCRIPT_OUTPUT_FILE_0}\"\n";
			showEnvVarsInLog = 0;
		};
		8EBEF13F2FB1428517D6E801 /* [CP] Embed Pods Frameworks */ = {
			isa = PBXShellScriptBuildPhase;
			buildActionMask = 2147483647;
			files = (
			);
			inputPaths = (
				"${PODS_ROOT}/Target Support Files/Pods-kushki-ios_Example/Pods-kushki-ios_Example-frameworks.sh",
				"${PODS_ROOT}/../../Kushki/Frameworks/CardinalMobile.framework",
				"${BUILT_PRODUCTS_DIR}/Kushki/Kushki.framework",
				"${BUILT_PRODUCTS_DIR}/Sift/Sift.framework",
			);
			name = "[CP] Embed Pods Frameworks";
			outputPaths = (
				"${TARGET_BUILD_DIR}/${FRAMEWORKS_FOLDER_PATH}/CardinalMobile.framework",
				"${TARGET_BUILD_DIR}/${FRAMEWORKS_FOLDER_PATH}/Kushki.framework",
				"${TARGET_BUILD_DIR}/${FRAMEWORKS_FOLDER_PATH}/Sift.framework",
			);
			runOnlyForDeploymentPostprocessing = 0;
			shellPath = /bin/sh;
			shellScript = "\"${PODS_ROOT}/Target Support Files/Pods-kushki-ios_Example/Pods-kushki-ios_Example-frameworks.sh\"\n";
			showEnvVarsInLog = 0;
		};
		C55FCF72FAC64EF1CBD47AEE /* [CP] Check Pods Manifest.lock */ = {
			isa = PBXShellScriptBuildPhase;
			buildActionMask = 2147483647;
			files = (
			);
			inputFileListPaths = (
			);
			inputPaths = (
				"${PODS_PODFILE_DIR_PATH}/Podfile.lock",
				"${PODS_ROOT}/Manifest.lock",
			);
			name = "[CP] Check Pods Manifest.lock";
			outputFileListPaths = (
			);
			outputPaths = (
				"$(DERIVED_FILE_DIR)/Pods-kushki-ios_Example-checkManifestLockResult.txt",
			);
			runOnlyForDeploymentPostprocessing = 0;
			shellPath = /bin/sh;
			shellScript = "diff \"${PODS_PODFILE_DIR_PATH}/Podfile.lock\" \"${PODS_ROOT}/Manifest.lock\" > /dev/null\nif [ $? != 0 ] ; then\n    # print error to STDERR\n    echo \"error: The sandbox is not in sync with the Podfile.lock. Run 'pod install' or update your CocoaPods installation.\" >&2\n    exit 1\nfi\n# This output is used by Xcode 'outputs' to avoid re-running this script phase.\necho \"SUCCESS\" > \"${SCRIPT_OUTPUT_FILE_0}\"\n";
			showEnvVarsInLog = 0;
		};
/* End PBXShellScriptBuildPhase section */

/* Begin PBXSourcesBuildPhase section */
		607FACCC1AFB9204008FA782 /* Sources */ = {
			isa = PBXSourcesBuildPhase;
			buildActionMask = 2147483647;
			files = (
				E2EAB27926C2C3FC00FCEDF1 /* CardTokenView.swift in Sources */,
				E4035B342328698900A2A5EC /* TokenRequestViewController.swift in Sources */,
				E4AF00DB234CEBD5002C3B75 /* CardAsyncTokenRequestViewController.swift in Sources */,
				E40BC5E12328ADA50056B58C /* SubscriptionTokenViewController.swift in Sources */,
				E43FA231232A8B1400BBF920 /* AnswersSecureValidationViewController.swift in Sources */,
				E407F713233A80AB00340214 /* CashTokenViewController.swift in Sources */,
				51C40AA42435284E00D8239F /* SubscriptionCardAsyncController.swift in Sources */,
				E43FA22F2329F6E000BBF920 /* QuestionsSecureValidationViewController.swift in Sources */,
				AFF155E61DAC3B5000BC21EA /* ViewController.swift in Sources */,
				E4AF00DD234D2BDD002C3B75 /* GetCardInfoViewController.swift in Sources */,
				E40BC5E3232952E20056B58C /* TransferTokenViewController.swift in Sources */,
				E40BC5E5232973AE0056B58C /* TransferSubscriptionViewController.swift in Sources */,
				607FACD61AFB9204008FA782 /* AppDelegate.swift in Sources */,
			);
			runOnlyForDeploymentPostprocessing = 0;
		};
		607FACE11AFB9204008FA782 /* Sources */ = {
			isa = PBXSourcesBuildPhase;
			buildActionMask = 2147483647;
			files = (
				E2EAB27A26C2C3FC00FCEDF1 /* CardTokenView.swift in Sources */,
				AF30347D1DAC231B005C9F39 /* KushkiIntegrationTests.swift in Sources */,
				AF30347E1DAC231B005C9F39 /* KushkiTests.swift in Sources */,
				AF30347F1DAC231B005C9F39 /* Helpers.swift in Sources */,
			);
			runOnlyForDeploymentPostprocessing = 0;
		};
/* End PBXSourcesBuildPhase section */

/* Begin PBXTargetDependency section */
		607FACE71AFB9204008FA782 /* PBXTargetDependency */ = {
			isa = PBXTargetDependency;
			target = 607FACCF1AFB9204008FA782 /* kushki-ios_Example */;
			targetProxy = 607FACE61AFB9204008FA782 /* PBXContainerItemProxy */;
		};
/* End PBXTargetDependency section */

/* Begin PBXVariantGroup section */
		607FACD91AFB9204008FA782 /* Main.storyboard */ = {
			isa = PBXVariantGroup;
			children = (
				607FACDA1AFB9204008FA782 /* Base */,
			);
			name = Main.storyboard;
			sourceTree = "<group>";
		};
		607FACDE1AFB9204008FA782 /* LaunchScreen.xib */ = {
			isa = PBXVariantGroup;
			children = (
				607FACDF1AFB9204008FA782 /* Base */,
			);
			name = LaunchScreen.xib;
			sourceTree = "<group>";
		};
		AF3034831DAC2D62005C9F39 /* LaunchScreen.storyboard */ = {
			isa = PBXVariantGroup;
			children = (
				AF3034841DAC2D62005C9F39 /* Base */,
			);
			name = LaunchScreen.storyboard;
			path = ..;
			sourceTree = "<group>";
		};
/* End PBXVariantGroup section */

/* Begin XCBuildConfiguration section */
		607FACED1AFB9204008FA782 /* Debug */ = {
			isa = XCBuildConfiguration;
			buildSettings = {
				ALWAYS_SEARCH_USER_PATHS = NO;
				CLANG_ANALYZER_LOCALIZABILITY_NONLOCALIZED = YES;
				CLANG_CXX_LANGUAGE_STANDARD = "gnu++0x";
				CLANG_CXX_LIBRARY = "libc++";
				CLANG_ENABLE_MODULES = YES;
				CLANG_ENABLE_OBJC_ARC = YES;
				CLANG_WARN_BLOCK_CAPTURE_AUTORELEASING = YES;
				CLANG_WARN_BOOL_CONVERSION = YES;
				CLANG_WARN_COMMA = YES;
				CLANG_WARN_CONSTANT_CONVERSION = YES;
				CLANG_WARN_DEPRECATED_OBJC_IMPLEMENTATIONS = YES;
				CLANG_WARN_DIRECT_OBJC_ISA_USAGE = YES_ERROR;
				CLANG_WARN_EMPTY_BODY = YES;
				CLANG_WARN_ENUM_CONVERSION = YES;
				CLANG_WARN_INFINITE_RECURSION = YES;
				CLANG_WARN_INT_CONVERSION = YES;
				CLANG_WARN_NON_LITERAL_NULL_CONVERSION = YES;
				CLANG_WARN_OBJC_IMPLICIT_RETAIN_SELF = YES;
				CLANG_WARN_OBJC_LITERAL_CONVERSION = YES;
				CLANG_WARN_OBJC_ROOT_CLASS = YES_ERROR;
				CLANG_WARN_RANGE_LOOP_ANALYSIS = YES;
				CLANG_WARN_STRICT_PROTOTYPES = YES;
				CLANG_WARN_SUSPICIOUS_MOVE = YES;
				CLANG_WARN_UNREACHABLE_CODE = YES;
				CLANG_WARN__DUPLICATE_METHOD_MATCH = YES;
				"CODE_SIGN_IDENTITY[sdk=iphoneos*]" = "iPhone Developer";
				COPY_PHASE_STRIP = NO;
				DEBUG_INFORMATION_FORMAT = "dwarf-with-dsym";
				ENABLE_STRICT_OBJC_MSGSEND = YES;
				ENABLE_TESTABILITY = YES;
				GCC_C_LANGUAGE_STANDARD = gnu99;
				GCC_DYNAMIC_NO_PIC = NO;
				GCC_NO_COMMON_BLOCKS = YES;
				GCC_OPTIMIZATION_LEVEL = 0;
				GCC_PREPROCESSOR_DEFINITIONS = (
					"DEBUG=1",
					"$(inherited)",
				);
				GCC_SYMBOLS_PRIVATE_EXTERN = NO;
				GCC_WARN_64_TO_32_BIT_CONVERSION = YES;
				GCC_WARN_ABOUT_RETURN_TYPE = YES_ERROR;
				GCC_WARN_UNDECLARED_SELECTOR = YES;
				GCC_WARN_UNINITIALIZED_AUTOS = YES_AGGRESSIVE;
				GCC_WARN_UNUSED_FUNCTION = YES;
				GCC_WARN_UNUSED_VARIABLE = YES;
				IPHONEOS_DEPLOYMENT_TARGET = 14.3;
				MTL_ENABLE_DEBUG_INFO = YES;
				ONLY_ACTIVE_ARCH = YES;
				SDKROOT = iphoneos;
				SWIFT_OPTIMIZATION_LEVEL = "-Onone";
				SWIFT_SWIFT3_OBJC_INFERENCE = Off;
			};
			name = Debug;
		};
		607FACEE1AFB9204008FA782 /* Release */ = {
			isa = XCBuildConfiguration;
			buildSettings = {
				ALWAYS_SEARCH_USER_PATHS = NO;
				CLANG_ANALYZER_LOCALIZABILITY_NONLOCALIZED = YES;
				CLANG_CXX_LANGUAGE_STANDARD = "gnu++0x";
				CLANG_CXX_LIBRARY = "libc++";
				CLANG_ENABLE_MODULES = YES;
				CLANG_ENABLE_OBJC_ARC = YES;
				CLANG_WARN_BLOCK_CAPTURE_AUTORELEASING = YES;
				CLANG_WARN_BOOL_CONVERSION = YES;
				CLANG_WARN_COMMA = YES;
				CLANG_WARN_CONSTANT_CONVERSION = YES;
				CLANG_WARN_DEPRECATED_OBJC_IMPLEMENTATIONS = YES;
				CLANG_WARN_DIRECT_OBJC_ISA_USAGE = YES_ERROR;
				CLANG_WARN_EMPTY_BODY = YES;
				CLANG_WARN_ENUM_CONVERSION = YES;
				CLANG_WARN_INFINITE_RECURSION = YES;
				CLANG_WARN_INT_CONVERSION = YES;
				CLANG_WARN_NON_LITERAL_NULL_CONVERSION = YES;
				CLANG_WARN_OBJC_IMPLICIT_RETAIN_SELF = YES;
				CLANG_WARN_OBJC_LITERAL_CONVERSION = YES;
				CLANG_WARN_OBJC_ROOT_CLASS = YES_ERROR;
				CLANG_WARN_RANGE_LOOP_ANALYSIS = YES;
				CLANG_WARN_STRICT_PROTOTYPES = YES;
				CLANG_WARN_SUSPICIOUS_MOVE = YES;
				CLANG_WARN_UNREACHABLE_CODE = YES;
				CLANG_WARN__DUPLICATE_METHOD_MATCH = YES;
				"CODE_SIGN_IDENTITY[sdk=iphoneos*]" = "iPhone Developer";
				COPY_PHASE_STRIP = NO;
				DEBUG_INFORMATION_FORMAT = "dwarf-with-dsym";
				ENABLE_NS_ASSERTIONS = NO;
				ENABLE_STRICT_OBJC_MSGSEND = YES;
				GCC_C_LANGUAGE_STANDARD = gnu99;
				GCC_NO_COMMON_BLOCKS = YES;
				GCC_WARN_64_TO_32_BIT_CONVERSION = YES;
				GCC_WARN_ABOUT_RETURN_TYPE = YES_ERROR;
				GCC_WARN_UNDECLARED_SELECTOR = YES;
				GCC_WARN_UNINITIALIZED_AUTOS = YES_AGGRESSIVE;
				GCC_WARN_UNUSED_FUNCTION = YES;
				GCC_WARN_UNUSED_VARIABLE = YES;
				IPHONEOS_DEPLOYMENT_TARGET = 14.3;
				MTL_ENABLE_DEBUG_INFO = NO;
				SDKROOT = iphoneos;
				SWIFT_OPTIMIZATION_LEVEL = "-Owholemodule";
				SWIFT_SWIFT3_OBJC_INFERENCE = Off;
				VALIDATE_PRODUCT = YES;
			};
			name = Release;
		};
		607FACF01AFB9204008FA782 /* Debug */ = {
			isa = XCBuildConfiguration;
			baseConfigurationReference = 2633DEB327DBCE77C71823A3 /* Pods-kushki-ios_Example.debug.xcconfig */;
			buildSettings = {
				ASSETCATALOG_COMPILER_APPICON_NAME = AppIcon;
				CODE_SIGN_ENTITLEMENTS = "kushki-ios_Example.entitlements";
				CODE_SIGN_IDENTITY = "Apple Development";
				CODE_SIGN_STYLE = Automatic;
				DEVELOPMENT_TEAM = BDY7NP86NV;
				INFOPLIST_FILE = "kushki-ios/Info.plist";
				IPHONEOS_DEPLOYMENT_TARGET = 14.3;
				LD_RUNPATH_SEARCH_PATHS = "$(inherited) @executable_path/Frameworks";
				MODULE_NAME = ExampleApp;
				PRODUCT_BUNDLE_IDENTIFIER = "org.cocoapods.demo.$(PRODUCT_NAME:rfc1034identifier)";
				PRODUCT_NAME = "$(TARGET_NAME)";
				PROVISIONING_PROFILE_SPECIFIER = "";
				SWIFT_SWIFT3_OBJC_INFERENCE = Off;
				SWIFT_VERSION = 4.2;
				TARGETED_DEVICE_FAMILY = "1,2";
			};
			name = Debug;
		};
		607FACF11AFB9204008FA782 /* Release */ = {
			isa = XCBuildConfiguration;
			baseConfigurationReference = 9BFA99897193F3500082CDA0 /* Pods-kushki-ios_Example.release.xcconfig */;
			buildSettings = {
				ASSETCATALOG_COMPILER_APPICON_NAME = AppIcon;
				CODE_SIGN_ENTITLEMENTS = "kushki-ios_Example.entitlements";
				CODE_SIGN_IDENTITY = "Apple Development";
				CODE_SIGN_STYLE = Automatic;
				DEVELOPMENT_TEAM = BDY7NP86NV;
				INFOPLIST_FILE = "kushki-ios/Info.plist";
				IPHONEOS_DEPLOYMENT_TARGET = 14.3;
				LD_RUNPATH_SEARCH_PATHS = "$(inherited) @executable_path/Frameworks";
				MODULE_NAME = ExampleApp;
				PRODUCT_BUNDLE_IDENTIFIER = "org.cocoapods.demo.$(PRODUCT_NAME:rfc1034identifier)";
				PRODUCT_NAME = "$(TARGET_NAME)";
				PROVISIONING_PROFILE_SPECIFIER = "";
				SWIFT_SWIFT3_OBJC_INFERENCE = Off;
				SWIFT_VERSION = 4.2;
				TARGETED_DEVICE_FAMILY = "1,2";
			};
			name = Release;
		};
		607FACF31AFB9204008FA782 /* Debug */ = {
			isa = XCBuildConfiguration;
			baseConfigurationReference = 6682DB8730FDC44D317526EC /* Pods-kushki-ios_Tests.debug.xcconfig */;
			buildSettings = {
				ALWAYS_EMBED_SWIFT_STANDARD_LIBRARIES = "$(inherited)";
				DEVELOPMENT_TEAM = BDY7NP86NV;
				FRAMEWORK_SEARCH_PATHS = "$(inherited)";
				GCC_PREPROCESSOR_DEFINITIONS = (
					"DEBUG=1",
					"$(inherited)",
				);
				INFOPLIST_FILE = Tests/Info.plist;
				IPHONEOS_DEPLOYMENT_TARGET = 14.3;
				LD_RUNPATH_SEARCH_PATHS = "$(inherited) @executable_path/Frameworks @loader_path/Frameworks";
				PRODUCT_BUNDLE_IDENTIFIER = "org.cocoapods.$(PRODUCT_NAME:rfc1034identifier)";
				PRODUCT_NAME = "$(TARGET_NAME)";
				SWIFT_SWIFT3_OBJC_INFERENCE = Off;
				SWIFT_VERSION = 4.2;
				TARGETED_DEVICE_FAMILY = "1,2";
				TEST_HOST = "$(BUILT_PRODUCTS_DIR)/kushki-ios_Example.app/kushki-ios_Example";
			};
			name = Debug;
		};
		607FACF41AFB9204008FA782 /* Release */ = {
			isa = XCBuildConfiguration;
			baseConfigurationReference = CF60D57898B6A7C968498700 /* Pods-kushki-ios_Tests.release.xcconfig */;
			buildSettings = {
				ALWAYS_EMBED_SWIFT_STANDARD_LIBRARIES = "$(inherited)";
				DEVELOPMENT_TEAM = BDY7NP86NV;
				FRAMEWORK_SEARCH_PATHS = "$(inherited)";
				INFOPLIST_FILE = Tests/Info.plist;
				IPHONEOS_DEPLOYMENT_TARGET = 14.3;
				LD_RUNPATH_SEARCH_PATHS = "$(inherited) @executable_path/Frameworks @loader_path/Frameworks";
				PRODUCT_BUNDLE_IDENTIFIER = "org.cocoapods.$(PRODUCT_NAME:rfc1034identifier)";
				PRODUCT_NAME = "$(TARGET_NAME)";
				SWIFT_SWIFT3_OBJC_INFERENCE = Off;
				SWIFT_VERSION = 4.2;
				TARGETED_DEVICE_FAMILY = "1,2";
				TEST_HOST = "$(BUILT_PRODUCTS_DIR)/kushki-ios_Example.app/kushki-ios_Example";
			};
			name = Release;
		};
/* End XCBuildConfiguration section */

/* Begin XCConfigurationList section */
		607FACCB1AFB9204008FA782 /* Build configuration list for PBXProject "kushki-ios" */ = {
			isa = XCConfigurationList;
			buildConfigurations = (
				607FACED1AFB9204008FA782 /* Debug */,
				607FACEE1AFB9204008FA782 /* Release */,
			);
			defaultConfigurationIsVisible = 0;
			defaultConfigurationName = Release;
		};
		607FACEF1AFB9204008FA782 /* Build configuration list for PBXNativeTarget "kushki-ios_Example" */ = {
			isa = XCConfigurationList;
			buildConfigurations = (
				607FACF01AFB9204008FA782 /* Debug */,
				607FACF11AFB9204008FA782 /* Release */,
			);
			defaultConfigurationIsVisible = 0;
			defaultConfigurationName = Release;
		};
		607FACF21AFB9204008FA782 /* Build configuration list for PBXNativeTarget "kushki-ios_Tests" */ = {
			isa = XCConfigurationList;
			buildConfigurations = (
				607FACF31AFB9204008FA782 /* Debug */,
				607FACF41AFB9204008FA782 /* Release */,
			);
			defaultConfigurationIsVisible = 0;
			defaultConfigurationName = Release;
		};
/* End XCConfigurationList section */
	};
	rootObject = 607FACC81AFB9204008FA782 /* Project object */;
}
