// !$*UTF8*$!
{
	archiveVersion = 1;
	classes = {
	};
	objectVersion = 46;
	objects = {

/* Begin PBXBuildFile section */
		58DF837AF1A499E74FAA4EBC /* Pods_kushki_ios.framework in Frameworks */ = {isa = PBXBuildFile; fileRef = 0EAD71AE164B5F6F07AEA873 /* Pods_kushki_ios.framework */; };
		AF5484F61DA4167700E85FF5 /* KushkiTests.swift in Sources */ = {isa = PBXBuildFile; fileRef = AF5484F51DA4167700E85FF5 /* KushkiTests.swift */; };
		AF5484FE1DA418FD00E85FF5 /* Card.swift in Sources */ = {isa = PBXBuildFile; fileRef = AF5484FD1DA418FD00E85FF5 /* Card.swift */; };
		AF5485001DA41D6C00E85FF5 /* KushkiEnvironment.swift in Sources */ = {isa = PBXBuildFile; fileRef = AF5484FF1DA41D6C00E85FF5 /* KushkiEnvironment.swift */; };
		AF5485021DA44B9B00E85FF5 /* Helpers.swift in Sources */ = {isa = PBXBuildFile; fileRef = AF5485011DA44B9B00E85FF5 /* Helpers.swift */; };
		AF556E531DA306FE00BF262E /* RSAUtils.swift in Sources */ = {isa = PBXBuildFile; fileRef = AF556E521DA306FE00BF262E /* RSAUtils.swift */; };
		AF55DC2A1D9D819900FBD8B4 /* AppDelegate.swift in Sources */ = {isa = PBXBuildFile; fileRef = AF55DC291D9D819900FBD8B4 /* AppDelegate.swift */; };
		AF55DC2C1D9D819900FBD8B4 /* ViewController.swift in Sources */ = {isa = PBXBuildFile; fileRef = AF55DC2B1D9D819900FBD8B4 /* ViewController.swift */; };
		AF55DC2F1D9D819900FBD8B4 /* Main.storyboard in Resources */ = {isa = PBXBuildFile; fileRef = AF55DC2D1D9D819900FBD8B4 /* Main.storyboard */; };
		AF55DC311D9D819900FBD8B4 /* Assets.xcassets in Resources */ = {isa = PBXBuildFile; fileRef = AF55DC301D9D819900FBD8B4 /* Assets.xcassets */; };
		AF55DC341D9D819900FBD8B4 /* LaunchScreen.storyboard in Resources */ = {isa = PBXBuildFile; fileRef = AF55DC321D9D819900FBD8B4 /* LaunchScreen.storyboard */; };
		AF55DC4A1D9D86F900FBD8B4 /* Kushki.swift in Sources */ = {isa = PBXBuildFile; fileRef = AF55DC491D9D86F900FBD8B4 /* Kushki.swift */; };
		AF55DC4C1D9D870600FBD8B4 /* AurusEncryption.swift in Sources */ = {isa = PBXBuildFile; fileRef = AF55DC4B1D9D870600FBD8B4 /* AurusEncryption.swift */; };
/* End PBXBuildFile section */

/* Begin PBXContainerItemProxy section */
		AF5484F81DA4167700E85FF5 /* PBXContainerItemProxy */ = {
			isa = PBXContainerItemProxy;
			containerPortal = AF55DC1E1D9D819900FBD8B4 /* Project object */;
			proxyType = 1;
			remoteGlobalIDString = AF55DC251D9D819900FBD8B4;
			remoteInfo = "kushki-ios";
		};
/* End PBXContainerItemProxy section */

/* Begin PBXFileReference section */
		0EAD71AE164B5F6F07AEA873 /* Pods_kushki_ios.framework */ = {isa = PBXFileReference; explicitFileType = wrapper.framework; includeInIndex = 0; path = Pods_kushki_ios.framework; sourceTree = BUILT_PRODUCTS_DIR; };
		400FC15CBF2BE15958D48C85 /* Pods-kushki-iosTests.debug.xcconfig */ = {isa = PBXFileReference; includeInIndex = 1; lastKnownFileType = text.xcconfig; name = "Pods-kushki-iosTests.debug.xcconfig"; path = "Pods/Target Support Files/Pods-kushki-iosTests/Pods-kushki-iosTests.debug.xcconfig"; sourceTree = "<group>"; };
		46339029E759309093E6306E /* Pods-kushki-iosTests.release.xcconfig */ = {isa = PBXFileReference; includeInIndex = 1; lastKnownFileType = text.xcconfig; name = "Pods-kushki-iosTests.release.xcconfig"; path = "Pods/Target Support Files/Pods-kushki-iosTests/Pods-kushki-iosTests.release.xcconfig"; sourceTree = "<group>"; };
		AF5484F31DA4167700E85FF5 /* kushki-ios-tests.xctest */ = {isa = PBXFileReference; explicitFileType = wrapper.cfbundle; includeInIndex = 0; path = "kushki-ios-tests.xctest"; sourceTree = BUILT_PRODUCTS_DIR; };
		AF5484F51DA4167700E85FF5 /* KushkiTests.swift */ = {isa = PBXFileReference; lastKnownFileType = sourcecode.swift; path = KushkiTests.swift; sourceTree = "<group>"; };
		AF5484F71DA4167700E85FF5 /* Info.plist */ = {isa = PBXFileReference; lastKnownFileType = text.plist.xml; path = Info.plist; sourceTree = "<group>"; };
		AF5484FD1DA418FD00E85FF5 /* Card.swift */ = {isa = PBXFileReference; fileEncoding = 4; lastKnownFileType = sourcecode.swift; path = Card.swift; sourceTree = "<group>"; };
		AF5484FF1DA41D6C00E85FF5 /* KushkiEnvironment.swift */ = {isa = PBXFileReference; fileEncoding = 4; lastKnownFileType = sourcecode.swift; path = KushkiEnvironment.swift; sourceTree = "<group>"; };
		AF5485011DA44B9B00E85FF5 /* Helpers.swift */ = {isa = PBXFileReference; fileEncoding = 4; lastKnownFileType = sourcecode.swift; path = Helpers.swift; sourceTree = "<group>"; };
		AF556E521DA306FE00BF262E /* RSAUtils.swift */ = {isa = PBXFileReference; fileEncoding = 4; lastKnownFileType = sourcecode.swift; path = RSAUtils.swift; sourceTree = "<group>"; };
		AF556E541DA30FCE00BF262E /* kushki-ios.entitlements */ = {isa = PBXFileReference; lastKnownFileType = text.plist.entitlements; path = "kushki-ios.entitlements"; sourceTree = "<group>"; };
		AF55DC261D9D819900FBD8B4 /* kushki-ios.app */ = {isa = PBXFileReference; explicitFileType = wrapper.application; includeInIndex = 0; path = "kushki-ios.app"; sourceTree = BUILT_PRODUCTS_DIR; };
		AF55DC291D9D819900FBD8B4 /* AppDelegate.swift */ = {isa = PBXFileReference; lastKnownFileType = sourcecode.swift; path = AppDelegate.swift; sourceTree = "<group>"; };
		AF55DC2B1D9D819900FBD8B4 /* ViewController.swift */ = {isa = PBXFileReference; lastKnownFileType = sourcecode.swift; path = ViewController.swift; sourceTree = "<group>"; };
		AF55DC2E1D9D819900FBD8B4 /* Base */ = {isa = PBXFileReference; lastKnownFileType = file.storyboard; name = Base; path = Base.lproj/Main.storyboard; sourceTree = "<group>"; };
		AF55DC301D9D819900FBD8B4 /* Assets.xcassets */ = {isa = PBXFileReference; lastKnownFileType = folder.assetcatalog; path = Assets.xcassets; sourceTree = "<group>"; };
		AF55DC331D9D819900FBD8B4 /* Base */ = {isa = PBXFileReference; lastKnownFileType = file.storyboard; name = Base; path = Base.lproj/LaunchScreen.storyboard; sourceTree = "<group>"; };
		AF55DC351D9D819900FBD8B4 /* Info.plist */ = {isa = PBXFileReference; lastKnownFileType = text.plist.xml; path = Info.plist; sourceTree = "<group>"; };
		AF55DC491D9D86F900FBD8B4 /* Kushki.swift */ = {isa = PBXFileReference; fileEncoding = 4; lastKnownFileType = sourcecode.swift; path = Kushki.swift; sourceTree = "<group>"; };
		AF55DC4B1D9D870600FBD8B4 /* AurusEncryption.swift */ = {isa = PBXFileReference; fileEncoding = 4; lastKnownFileType = sourcecode.swift; path = AurusEncryption.swift; sourceTree = "<group>"; };
		B8FC2E84018FC6D72FF1F833 /* Pods-kushki-ios.release.xcconfig */ = {isa = PBXFileReference; includeInIndex = 1; lastKnownFileType = text.xcconfig; name = "Pods-kushki-ios.release.xcconfig"; path = "Pods/Target Support Files/Pods-kushki-ios/Pods-kushki-ios.release.xcconfig"; sourceTree = "<group>"; };
		E21DFC4AF6626946E5A946CB /* Pods-kushki-ios.debug.xcconfig */ = {isa = PBXFileReference; includeInIndex = 1; lastKnownFileType = text.xcconfig; name = "Pods-kushki-ios.debug.xcconfig"; path = "Pods/Target Support Files/Pods-kushki-ios/Pods-kushki-ios.debug.xcconfig"; sourceTree = "<group>"; };
/* End PBXFileReference section */

/* Begin PBXFrameworksBuildPhase section */
		AF5484F01DA4167700E85FF5 /* Frameworks */ = {
			isa = PBXFrameworksBuildPhase;
			buildActionMask = 2147483647;
			files = (
			);
			runOnlyForDeploymentPostprocessing = 0;
		};
		AF55DC231D9D819900FBD8B4 /* Frameworks */ = {
			isa = PBXFrameworksBuildPhase;
			buildActionMask = 2147483647;
			files = (
				58DF837AF1A499E74FAA4EBC /* Pods_kushki_ios.framework in Frameworks */,
			);
			runOnlyForDeploymentPostprocessing = 0;
		};
/* End PBXFrameworksBuildPhase section */

/* Begin PBXGroup section */
		159448D25BD0EBD1DA345244 /* Frameworks */ = {
			isa = PBXGroup;
			children = (
				0EAD71AE164B5F6F07AEA873 /* Pods_kushki_ios.framework */,
			);
			name = Frameworks;
			sourceTree = "<group>";
		};
		AF5484F41DA4167700E85FF5 /* kushki-ios-tests */ = {
			isa = PBXGroup;
			children = (
				AF5484F51DA4167700E85FF5 /* KushkiTests.swift */,
				AF5484F71DA4167700E85FF5 /* Info.plist */,
				AF5485011DA44B9B00E85FF5 /* Helpers.swift */,
			);
			path = "kushki-ios-tests";
			sourceTree = "<group>";
		};
		AF55DC1D1D9D819900FBD8B4 = {
			isa = PBXGroup;
			children = (
				AF55DC281D9D819900FBD8B4 /* kushki-ios */,
				AF5484F41DA4167700E85FF5 /* kushki-ios-tests */,
				AF55DC271D9D819900FBD8B4 /* Products */,
				C7E9A6505ADB243D772B8F5E /* Pods */,
				159448D25BD0EBD1DA345244 /* Frameworks */,
			);
			sourceTree = "<group>";
		};
		AF55DC271D9D819900FBD8B4 /* Products */ = {
			isa = PBXGroup;
			children = (
				AF55DC261D9D819900FBD8B4 /* kushki-ios.app */,
				AF5484F31DA4167700E85FF5 /* kushki-ios-tests.xctest */,
			);
			name = Products;
			sourceTree = "<group>";
		};
		AF55DC281D9D819900FBD8B4 /* kushki-ios */ = {
			isa = PBXGroup;
			children = (
				AF556E541DA30FCE00BF262E /* kushki-ios.entitlements */,
				AF55DC291D9D819900FBD8B4 /* AppDelegate.swift */,
				AF556E521DA306FE00BF262E /* RSAUtils.swift */,
				AF55DC491D9D86F900FBD8B4 /* Kushki.swift */,
				AF55DC2B1D9D819900FBD8B4 /* ViewController.swift */,
				AF55DC2D1D9D819900FBD8B4 /* Main.storyboard */,
				AF55DC301D9D819900FBD8B4 /* Assets.xcassets */,
				AF55DC321D9D819900FBD8B4 /* LaunchScreen.storyboard */,
				AF55DC351D9D819900FBD8B4 /* Info.plist */,
				AF55DC4B1D9D870600FBD8B4 /* AurusEncryption.swift */,
				AF5484FD1DA418FD00E85FF5 /* Card.swift */,
				AF5484FF1DA41D6C00E85FF5 /* KushkiEnvironment.swift */,
			);
			path = "kushki-ios";
			sourceTree = "<group>";
		};
		C7E9A6505ADB243D772B8F5E /* Pods */ = {
			isa = PBXGroup;
			children = (
				E21DFC4AF6626946E5A946CB /* Pods-kushki-ios.debug.xcconfig */,
				B8FC2E84018FC6D72FF1F833 /* Pods-kushki-ios.release.xcconfig */,
				400FC15CBF2BE15958D48C85 /* Pods-kushki-iosTests.debug.xcconfig */,
				46339029E759309093E6306E /* Pods-kushki-iosTests.release.xcconfig */,
			);
			name = Pods;
			sourceTree = "<group>";
		};
/* End PBXGroup section */

/* Begin PBXNativeTarget section */
		AF5484F21DA4167700E85FF5 /* kushki-ios-tests */ = {
			isa = PBXNativeTarget;
			buildConfigurationList = AF5484FA1DA4167700E85FF5 /* Build configuration list for PBXNativeTarget "kushki-ios-tests" */;
			buildPhases = (
				AF5484EF1DA4167700E85FF5 /* Sources */,
				AF5484F01DA4167700E85FF5 /* Frameworks */,
				AF5484F11DA4167700E85FF5 /* Resources */,
			);
			buildRules = (
			);
			dependencies = (
				AF5484F91DA4167700E85FF5 /* PBXTargetDependency */,
			);
			name = "kushki-ios-tests";
			productName = "kushki-ios-tests";
			productReference = AF5484F31DA4167700E85FF5 /* kushki-ios-tests.xctest */;
			productType = "com.apple.product-type.bundle.unit-test";
		};
		AF55DC251D9D819900FBD8B4 /* kushki-ios */ = {
			isa = PBXNativeTarget;
			buildConfigurationList = AF55DC431D9D819900FBD8B4 /* Build configuration list for PBXNativeTarget "kushki-ios" */;
			buildPhases = (
				157BD89DBF609B68B9AF7C96 /* [CP] Check Pods Manifest.lock */,
				AF55DC221D9D819900FBD8B4 /* Sources */,
				AF55DC231D9D819900FBD8B4 /* Frameworks */,
				AF55DC241D9D819900FBD8B4 /* Resources */,
				54DD2EDB38822A53B0F4AB53 /* [CP] Embed Pods Frameworks */,
				4DD5A768F7D83CEF1595E545 /* [CP] Copy Pods Resources */,
			);
			buildRules = (
			);
			dependencies = (
			);
			name = "kushki-ios";
			productName = "kushki-ios";
			productReference = AF55DC261D9D819900FBD8B4 /* kushki-ios.app */;
			productType = "com.apple.product-type.application";
		};
/* End PBXNativeTarget section */

/* Begin PBXProject section */
		AF55DC1E1D9D819900FBD8B4 /* Project object */ = {
			isa = PBXProject;
			attributes = {
				LastSwiftUpdateCheck = 0800;
				LastUpgradeCheck = 0800;
				ORGANIZATIONNAME = Kushki;
				TargetAttributes = {
					AF5484F21DA4167700E85FF5 = {
						CreatedOnToolsVersion = 8.0;
						ProvisioningStyle = Automatic;
						TestTargetID = AF55DC251D9D819900FBD8B4;
					};
					AF55DC251D9D819900FBD8B4 = {
						CreatedOnToolsVersion = 8.0;
						DevelopmentTeam = XBL7KLFMZW;
						LastSwiftMigration = 0800;
						ProvisioningStyle = Automatic;
						SystemCapabilities = {
							com.apple.Keychain = {
								enabled = 1;
							};
						};
					};
				};
			};
			buildConfigurationList = AF55DC211D9D819900FBD8B4 /* Build configuration list for PBXProject "kushki-ios" */;
			compatibilityVersion = "Xcode 3.2";
			developmentRegion = English;
			hasScannedForEncodings = 0;
			knownRegions = (
				en,
				Base,
			);
			mainGroup = AF55DC1D1D9D819900FBD8B4;
			productRefGroup = AF55DC271D9D819900FBD8B4 /* Products */;
			projectDirPath = "";
			projectRoot = "";
			targets = (
				AF55DC251D9D819900FBD8B4 /* kushki-ios */,
				AF5484F21DA4167700E85FF5 /* kushki-ios-tests */,
			);
		};
/* End PBXProject section */

/* Begin PBXResourcesBuildPhase section */
		AF5484F11DA4167700E85FF5 /* Resources */ = {
			isa = PBXResourcesBuildPhase;
			buildActionMask = 2147483647;
			files = (
			);
			runOnlyForDeploymentPostprocessing = 0;
		};
		AF55DC241D9D819900FBD8B4 /* Resources */ = {
			isa = PBXResourcesBuildPhase;
			buildActionMask = 2147483647;
			files = (
				AF55DC341D9D819900FBD8B4 /* LaunchScreen.storyboard in Resources */,
				AF55DC311D9D819900FBD8B4 /* Assets.xcassets in Resources */,
				AF55DC2F1D9D819900FBD8B4 /* Main.storyboard in Resources */,
			);
			runOnlyForDeploymentPostprocessing = 0;
		};
/* End PBXResourcesBuildPhase section */

/* Begin PBXShellScriptBuildPhase section */
		157BD89DBF609B68B9AF7C96 /* [CP] Check Pods Manifest.lock */ = {
			isa = PBXShellScriptBuildPhase;
			buildActionMask = 2147483647;
			files = (
			);
			inputPaths = (
			);
			name = "[CP] Check Pods Manifest.lock";
			outputPaths = (
			);
			runOnlyForDeploymentPostprocessing = 0;
			shellPath = /bin/sh;
			shellScript = "diff \"${PODS_ROOT}/../Podfile.lock\" \"${PODS_ROOT}/Manifest.lock\" > /dev/null\nif [[ $? != 0 ]] ; then\n    cat << EOM\nerror: The sandbox is not in sync with the Podfile.lock. Run 'pod install' or update your CocoaPods installation.\nEOM\n    exit 1\nfi\n";
			showEnvVarsInLog = 0;
		};
		4DD5A768F7D83CEF1595E545 /* [CP] Copy Pods Resources */ = {
			isa = PBXShellScriptBuildPhase;
			buildActionMask = 2147483647;
			files = (
			);
			inputPaths = (
			);
			name = "[CP] Copy Pods Resources";
			outputPaths = (
			);
			runOnlyForDeploymentPostprocessing = 0;
			shellPath = /bin/sh;
			shellScript = "\"${SRCROOT}/Pods/Target Support Files/Pods-kushki-ios/Pods-kushki-ios-resources.sh\"\n";
			showEnvVarsInLog = 0;
		};
		54DD2EDB38822A53B0F4AB53 /* [CP] Embed Pods Frameworks */ = {
			isa = PBXShellScriptBuildPhase;
			buildActionMask = 2147483647;
			files = (
			);
			inputPaths = (
			);
			name = "[CP] Embed Pods Frameworks";
			outputPaths = (
			);
			runOnlyForDeploymentPostprocessing = 0;
			shellPath = /bin/sh;
			shellScript = "\"${SRCROOT}/Pods/Target Support Files/Pods-kushki-ios/Pods-kushki-ios-frameworks.sh\"\n";
			showEnvVarsInLog = 0;
		};
/* End PBXShellScriptBuildPhase section */

/* Begin PBXSourcesBuildPhase section */
		AF5484EF1DA4167700E85FF5 /* Sources */ = {
			isa = PBXSourcesBuildPhase;
			buildActionMask = 2147483647;
			files = (
				AF5484F61DA4167700E85FF5 /* KushkiTests.swift in Sources */,
				AF5485021DA44B9B00E85FF5 /* Helpers.swift in Sources */,
			);
			runOnlyForDeploymentPostprocessing = 0;
		};
		AF55DC221D9D819900FBD8B4 /* Sources */ = {
			isa = PBXSourcesBuildPhase;
			buildActionMask = 2147483647;
			files = (
				AF5485001DA41D6C00E85FF5 /* KushkiEnvironment.swift in Sources */,
				AF55DC2C1D9D819900FBD8B4 /* ViewController.swift in Sources */,
				AF5484FE1DA418FD00E85FF5 /* Card.swift in Sources */,
				AF556E531DA306FE00BF262E /* RSAUtils.swift in Sources */,
				AF55DC4A1D9D86F900FBD8B4 /* Kushki.swift in Sources */,
				AF55DC2A1D9D819900FBD8B4 /* AppDelegate.swift in Sources */,
				AF55DC4C1D9D870600FBD8B4 /* AurusEncryption.swift in Sources */,
			);
			runOnlyForDeploymentPostprocessing = 0;
		};
/* End PBXSourcesBuildPhase section */

/* Begin PBXTargetDependency section */
		AF5484F91DA4167700E85FF5 /* PBXTargetDependency */ = {
			isa = PBXTargetDependency;
			target = AF55DC251D9D819900FBD8B4 /* kushki-ios */;
			targetProxy = AF5484F81DA4167700E85FF5 /* PBXContainerItemProxy */;
		};
/* End PBXTargetDependency section */

/* Begin PBXVariantGroup section */
		AF55DC2D1D9D819900FBD8B4 /* Main.storyboard */ = {
			isa = PBXVariantGroup;
			children = (
				AF55DC2E1D9D819900FBD8B4 /* Base */,
			);
			name = Main.storyboard;
			sourceTree = "<group>";
		};
		AF55DC321D9D819900FBD8B4 /* LaunchScreen.storyboard */ = {
			isa = PBXVariantGroup;
			children = (
				AF55DC331D9D819900FBD8B4 /* Base */,
			);
			name = LaunchScreen.storyboard;
			sourceTree = "<group>";
		};
/* End PBXVariantGroup section */

/* Begin XCBuildConfiguration section */
		AF5484FB1DA4167700E85FF5 /* Debug */ = {
			isa = XCBuildConfiguration;
			buildSettings = {
				BUNDLE_LOADER = "$(TEST_HOST)";
				INFOPLIST_FILE = "kushki-ios-tests/Info.plist";
				IPHONEOS_DEPLOYMENT_TARGET = 8.0;
				LD_RUNPATH_SEARCH_PATHS = "$(inherited) @executable_path/Frameworks @loader_path/Frameworks";
				PRODUCT_BUNDLE_IDENTIFIER = "com.kushkipagos.ios-tests";
				PRODUCT_NAME = "$(TARGET_NAME)";
				SWIFT_VERSION = 3.0;
				TEST_HOST = "$(BUILT_PRODUCTS_DIR)/kushki-ios.app/kushki-ios";
			};
			name = Debug;
		};
		AF5484FC1DA4167700E85FF5 /* Release */ = {
			isa = XCBuildConfiguration;
			buildSettings = {
				BUNDLE_LOADER = "$(TEST_HOST)";
				INFOPLIST_FILE = "kushki-ios-tests/Info.plist";
				IPHONEOS_DEPLOYMENT_TARGET = 8.0;
				LD_RUNPATH_SEARCH_PATHS = "$(inherited) @executable_path/Frameworks @loader_path/Frameworks";
				PRODUCT_BUNDLE_IDENTIFIER = "com.kushkipagos.ios-tests";
				PRODUCT_NAME = "$(TARGET_NAME)";
				SWIFT_VERSION = 3.0;
				TEST_HOST = "$(BUILT_PRODUCTS_DIR)/kushki-ios.app/kushki-ios";
			};
			name = Release;
		};
		AF55DC411D9D819900FBD8B4 /* Debug */ = {
			isa = XCBuildConfiguration;
			buildSettings = {
				ALWAYS_SEARCH_USER_PATHS = NO;
				CLANG_ANALYZER_NONNULL = YES;
				CLANG_CXX_LANGUAGE_STANDARD = "gnu++0x";
				CLANG_CXX_LIBRARY = "libc++";
				CLANG_ENABLE_MODULES = YES;
				CLANG_ENABLE_OBJC_ARC = YES;
				CLANG_WARN_BOOL_CONVERSION = YES;
				CLANG_WARN_CONSTANT_CONVERSION = YES;
				CLANG_WARN_DIRECT_OBJC_ISA_USAGE = YES_ERROR;
				CLANG_WARN_DOCUMENTATION_COMMENTS = YES;
				CLANG_WARN_EMPTY_BODY = YES;
				CLANG_WARN_ENUM_CONVERSION = YES;
				CLANG_WARN_INFINITE_RECURSION = YES;
				CLANG_WARN_INT_CONVERSION = YES;
				CLANG_WARN_OBJC_ROOT_CLASS = YES_ERROR;
				CLANG_WARN_SUSPICIOUS_MOVES = YES;
				CLANG_WARN_UNREACHABLE_CODE = YES;
				CLANG_WARN__DUPLICATE_METHOD_MATCH = YES;
				"CODE_SIGN_IDENTITY[sdk=iphoneos*]" = "iPhone Developer";
				COPY_PHASE_STRIP = NO;
				DEBUG_INFORMATION_FORMAT = dwarf;
				ENABLE_STRICT_OBJC_MSGSEND = YES;
				ENABLE_TESTABILITY = YES;
				GCC_C_LANGUAGE_STANDARD = gnu99;
				GCC_DYNAMIC_NO_PIC = NO;
				GCC_NO_COMMON_BLOCKS = YES;
				GCC_OPTIMIZATION_LEVEL = 0;
				GCC_PREPROCESSOR_DEFINITIONS = (
					"DEBUG=1",
					"$(inherited)",
				);
				GCC_WARN_64_TO_32_BIT_CONVERSION = YES;
				GCC_WARN_ABOUT_RETURN_TYPE = YES_ERROR;
				GCC_WARN_UNDECLARED_SELECTOR = YES;
				GCC_WARN_UNINITIALIZED_AUTOS = YES_AGGRESSIVE;
				GCC_WARN_UNUSED_FUNCTION = YES;
				GCC_WARN_UNUSED_VARIABLE = YES;
				IPHONEOS_DEPLOYMENT_TARGET = 8.0;
				MTL_ENABLE_DEBUG_INFO = YES;
				ONLY_ACTIVE_ARCH = YES;
				SDKROOT = iphoneos;
				SWIFT_ACTIVE_COMPILATION_CONDITIONS = DEBUG;
				SWIFT_OPTIMIZATION_LEVEL = "-Onone";
				TARGETED_DEVICE_FAMILY = "1,2";
			};
			name = Debug;
		};
		AF55DC421D9D819900FBD8B4 /* Release */ = {
			isa = XCBuildConfiguration;
			buildSettings = {
				ALWAYS_SEARCH_USER_PATHS = NO;
				CLANG_ANALYZER_NONNULL = YES;
				CLANG_CXX_LANGUAGE_STANDARD = "gnu++0x";
				CLANG_CXX_LIBRARY = "libc++";
				CLANG_ENABLE_MODULES = YES;
				CLANG_ENABLE_OBJC_ARC = YES;
				CLANG_WARN_BOOL_CONVERSION = YES;
				CLANG_WARN_CONSTANT_CONVERSION = YES;
				CLANG_WARN_DIRECT_OBJC_ISA_USAGE = YES_ERROR;
				CLANG_WARN_DOCUMENTATION_COMMENTS = YES;
				CLANG_WARN_EMPTY_BODY = YES;
				CLANG_WARN_ENUM_CONVERSION = YES;
				CLANG_WARN_INFINITE_RECURSION = YES;
				CLANG_WARN_INT_CONVERSION = YES;
				CLANG_WARN_OBJC_ROOT_CLASS = YES_ERROR;
				CLANG_WARN_SUSPICIOUS_MOVES = YES;
				CLANG_WARN_UNREACHABLE_CODE = YES;
				CLANG_WARN__DUPLICATE_METHOD_MATCH = YES;
				"CODE_SIGN_IDENTITY[sdk=iphoneos*]" = "iPhone Developer";
				COPY_PHASE_STRIP = NO;
				DEBUG_INFORMATION_FORMAT = "dwarf-with-dsym";
				ENABLE_NS_ASSERTIONS = NO;
				ENABLE_STRICT_OBJC_MSGSEND = YES;
				GCC_C_LANGUAGE_STANDARD = gnu99;
				GCC_NO_COMMON_BLOCKS = YES;
				GCC_WARN_64_TO_32_BIT_CONVERSION = YES;
				GCC_WARN_ABOUT_RETURN_TYPE = YES_ERROR;
				GCC_WARN_UNDECLARED_SELECTOR = YES;
				GCC_WARN_UNINITIALIZED_AUTOS = YES_AGGRESSIVE;
				GCC_WARN_UNUSED_FUNCTION = YES;
				GCC_WARN_UNUSED_VARIABLE = YES;
				IPHONEOS_DEPLOYMENT_TARGET = 8.0;
				MTL_ENABLE_DEBUG_INFO = NO;
				SDKROOT = iphoneos;
				SWIFT_OPTIMIZATION_LEVEL = "-Owholemodule";
				TARGETED_DEVICE_FAMILY = "1,2";
				VALIDATE_PRODUCT = YES;
			};
			name = Release;
		};
		AF55DC441D9D819900FBD8B4 /* Debug */ = {
			isa = XCBuildConfiguration;
			baseConfigurationReference = E21DFC4AF6626946E5A946CB /* Pods-kushki-ios.debug.xcconfig */;
			buildSettings = {
				ASSETCATALOG_COMPILER_APPICON_NAME = AppIcon;
				CODE_SIGN_ENTITLEMENTS = "kushki-ios/kushki-ios.entitlements";
				DEVELOPMENT_TEAM = XBL7KLFMZW;
				INFOPLIST_FILE = "kushki-ios/Info.plist";
				IPHONEOS_DEPLOYMENT_TARGET = 8.0;
				LD_RUNPATH_SEARCH_PATHS = "$(inherited) @executable_path/Frameworks";
				PRODUCT_BUNDLE_IDENTIFIER = com.kushkipagos.ios;
				PRODUCT_NAME = "$(TARGET_NAME)";
				SWIFT_VERSION = 3.0;
			};
			name = Debug;
		};
		AF55DC451D9D819900FBD8B4 /* Release */ = {
			isa = XCBuildConfiguration;
			baseConfigurationReference = B8FC2E84018FC6D72FF1F833 /* Pods-kushki-ios.release.xcconfig */;
			buildSettings = {
				ASSETCATALOG_COMPILER_APPICON_NAME = AppIcon;
				CODE_SIGN_ENTITLEMENTS = "kushki-ios/kushki-ios.entitlements";
				DEVELOPMENT_TEAM = XBL7KLFMZW;
				INFOPLIST_FILE = "kushki-ios/Info.plist";
				IPHONEOS_DEPLOYMENT_TARGET = 8.0;
				LD_RUNPATH_SEARCH_PATHS = "$(inherited) @executable_path/Frameworks";
				PRODUCT_BUNDLE_IDENTIFIER = com.kushkipagos.ios;
				PRODUCT_NAME = "$(TARGET_NAME)";
				SWIFT_VERSION = 3.0;
			};
			name = Release;
		};
/* End XCBuildConfiguration section */

/* Begin XCConfigurationList section */
		AF5484FA1DA4167700E85FF5 /* Build configuration list for PBXNativeTarget "kushki-ios-tests" */ = {
			isa = XCConfigurationList;
			buildConfigurations = (
				AF5484FB1DA4167700E85FF5 /* Debug */,
				AF5484FC1DA4167700E85FF5 /* Release */,
			);
			defaultConfigurationIsVisible = 0;
			defaultConfigurationName = Release;
		};
		AF55DC211D9D819900FBD8B4 /* Build configuration list for PBXProject "kushki-ios" */ = {
			isa = XCConfigurationList;
			buildConfigurations = (
				AF55DC411D9D819900FBD8B4 /* Debug */,
				AF55DC421D9D819900FBD8B4 /* Release */,
			);
			defaultConfigurationIsVisible = 0;
			defaultConfigurationName = Release;
		};
		AF55DC431D9D819900FBD8B4 /* Build configuration list for PBXNativeTarget "kushki-ios" */ = {
			isa = XCConfigurationList;
			buildConfigurations = (
				AF55DC441D9D819900FBD8B4 /* Debug */,
				AF55DC451D9D819900FBD8B4 /* Release */,
			);
			defaultConfigurationIsVisible = 0;
			defaultConfigurationName = Release;
		};
/* End XCConfigurationList section */
	};
	rootObject = AF55DC1E1D9D819900FBD8B4 /* Project object */;
}
